// !$*UTF8*$!
{
	archiveVersion = 1;
	classes = {
	};
	objectVersion = 46;
	objects = {

/* Begin PBXBuildFile section */
		EF0A74481A4AB20100F986B4 /* tirg_raw.cpp in Sources */ = {isa = PBXBuildFile; fileRef = EF0A74461A4AB20100F986B4 /* tirg_raw.cpp */; };
/* End PBXBuildFile section */

/* Begin PBXCopyFilesBuildPhase section */
		EF0A743A1A4AB18F00F986B4 /* CopyFiles */ = {
			isa = PBXCopyFilesBuildPhase;
			buildActionMask = 2147483647;
			dstPath = /usr/share/man/man1/;
			dstSubfolderSpec = 0;
			files = (
			);
			runOnlyForDeploymentPostprocessing = 1;
		};
/* End PBXCopyFilesBuildPhase section */

/* Begin PBXFileReference section */
		EF0A743C1A4AB18F00F986B4 /* swt */ = {isa = PBXFileReference; explicitFileType = "compiled.mach-o.executable"; includeInIndex = 0; path = swt; sourceTree = BUILT_PRODUCTS_DIR; };
		EF0A74461A4AB20100F986B4 /* tirg_raw.cpp */ = {isa = PBXFileReference; fileEncoding = 4; lastKnownFileType = sourcecode.cpp.cpp; path = tirg_raw.cpp; sourceTree = "<group>"; };
		EF0A74471A4AB20100F986B4 /* trg.hpp */ = {isa = PBXFileReference; fileEncoding = 4; lastKnownFileType = sourcecode.cpp.h; path = trg.hpp; sourceTree = "<group>"; };
/* End PBXFileReference section */

/* Begin PBXFrameworksBuildPhase section */
		EF0A74391A4AB18F00F986B4 /* Frameworks */ = {
			isa = PBXFrameworksBuildPhase;
			buildActionMask = 2147483647;
			files = (
			);
			runOnlyForDeploymentPostprocessing = 0;
		};
/* End PBXFrameworksBuildPhase section */

/* Begin PBXGroup section */
		EF0A74331A4AB18F00F986B4 = {
			isa = PBXGroup;
			children = (
				EF0A743E1A4AB18F00F986B4 /* swt */,
				EF0A743D1A4AB18F00F986B4 /* Products */,
			);
			sourceTree = "<group>";
		};
		EF0A743D1A4AB18F00F986B4 /* Products */ = {
			isa = PBXGroup;
			children = (
				EF0A743C1A4AB18F00F986B4 /* swt */,
			);
			name = Products;
			sourceTree = "<group>";
		};
		EF0A743E1A4AB18F00F986B4 /* swt */ = {
			isa = PBXGroup;
			children = (
				EF0A74461A4AB20100F986B4 /* tirg_raw.cpp */,
				EF0A74471A4AB20100F986B4 /* trg.hpp */,
			);
			path = swt;
			sourceTree = "<group>";
		};
/* End PBXGroup section */

/* Begin PBXNativeTarget section */
		EF0A743B1A4AB18F00F986B4 /* swt */ = {
			isa = PBXNativeTarget;
			buildConfigurationList = EF0A74431A4AB18F00F986B4 /* Build configuration list for PBXNativeTarget "swt" */;
			buildPhases = (
				EF0A74381A4AB18F00F986B4 /* Sources */,
				EF0A74391A4AB18F00F986B4 /* Frameworks */,
				EF0A743A1A4AB18F00F986B4 /* CopyFiles */,
			);
			buildRules = (
			);
			dependencies = (
			);
			name = swt;
			productName = swt;
			productReference = EF0A743C1A4AB18F00F986B4 /* swt */;
			productType = "com.apple.product-type.tool";
		};
/* End PBXNativeTarget section */

/* Begin PBXProject section */
		EF0A74341A4AB18F00F986B4 /* Project object */ = {
			isa = PBXProject;
			attributes = {
				LastUpgradeCheck = 0620;
				ORGANIZATIONNAME = vvw;
				TargetAttributes = {
					EF0A743B1A4AB18F00F986B4 = {
						CreatedOnToolsVersion = 6.2;
					};
				};
			};
			buildConfigurationList = EF0A74371A4AB18F00F986B4 /* Build configuration list for PBXProject "swt" */;
			compatibilityVersion = "Xcode 3.2";
			developmentRegion = English;
			hasScannedForEncodings = 0;
			knownRegions = (
				en,
			);
			mainGroup = EF0A74331A4AB18F00F986B4;
			productRefGroup = EF0A743D1A4AB18F00F986B4 /* Products */;
			projectDirPath = "";
			projectRoot = "";
			targets = (
				EF0A743B1A4AB18F00F986B4 /* swt */,
			);
		};
/* End PBXProject section */

/* Begin PBXSourcesBuildPhase section */
		EF0A74381A4AB18F00F986B4 /* Sources */ = {
			isa = PBXSourcesBuildPhase;
			buildActionMask = 2147483647;
			files = (
				EF0A74481A4AB20100F986B4 /* tirg_raw.cpp in Sources */,
			);
			runOnlyForDeploymentPostprocessing = 0;
		};
/* End PBXSourcesBuildPhase section */

/* Begin XCBuildConfiguration section */
		EF0A74411A4AB18F00F986B4 /* Debug */ = {
			isa = XCBuildConfiguration;
			buildSettings = {
				ALWAYS_SEARCH_USER_PATHS = NO;
				CLANG_CXX_LANGUAGE_STANDARD = "gnu++0x";
				CLANG_CXX_LIBRARY = "libc++";
				CLANG_ENABLE_MODULES = YES;
				CLANG_ENABLE_OBJC_ARC = YES;
				CLANG_WARN_BOOL_CONVERSION = YES;
				CLANG_WARN_CONSTANT_CONVERSION = YES;
				CLANG_WARN_DIRECT_OBJC_ISA_USAGE = YES_ERROR;
				CLANG_WARN_EMPTY_BODY = YES;
				CLANG_WARN_ENUM_CONVERSION = YES;
				CLANG_WARN_INT_CONVERSION = YES;
				CLANG_WARN_OBJC_ROOT_CLASS = YES_ERROR;
				CLANG_WARN_UNREACHABLE_CODE = YES;
				CLANG_WARN__DUPLICATE_METHOD_MATCH = YES;
				COPY_PHASE_STRIP = NO;
				ENABLE_STRICT_OBJC_MSGSEND = YES;
				GCC_C_LANGUAGE_STANDARD = gnu99;
				GCC_DYNAMIC_NO_PIC = NO;
				GCC_OPTIMIZATION_LEVEL = 0;
				GCC_PREPROCESSOR_DEFINITIONS = (
					"DEBUG=1",
					"$(inherited)",
				);
				GCC_SYMBOLS_PRIVATE_EXTERN = NO;
				GCC_WARN_64_TO_32_BIT_CONVERSION = YES;
				GCC_WARN_ABOUT_RETURN_TYPE = YES_ERROR;
				GCC_WARN_UNDECLARED_SELECTOR = YES;
				GCC_WARN_UNINITIALIZED_AUTOS = YES_AGGRESSIVE;
				GCC_WARN_UNUSED_FUNCTION = YES;
				GCC_WARN_UNUSED_VARIABLE = YES;
				MACOSX_DEPLOYMENT_TARGET = 10.9;
				MTL_ENABLE_DEBUG_INFO = YES;
				ONLY_ACTIVE_ARCH = YES;
				SDKROOT = macosx;
			};
			name = Debug;
		};
		EF0A74421A4AB18F00F986B4 /* Release */ = {
			isa = XCBuildConfiguration;
			buildSettings = {
				ALWAYS_SEARCH_USER_PATHS = NO;
				CLANG_CXX_LANGUAGE_STANDARD = "gnu++0x";
				CLANG_CXX_LIBRARY = "libc++";
				CLANG_ENABLE_MODULES = YES;
				CLANG_ENABLE_OBJC_ARC = YES;
				CLANG_WARN_BOOL_CONVERSION = YES;
				CLANG_WARN_CONSTANT_CONVERSION = YES;
				CLANG_WARN_DIRECT_OBJC_ISA_USAGE = YES_ERROR;
				CLANG_WARN_EMPTY_BODY = YES;
				CLANG_WARN_ENUM_CONVERSION = YES;
				CLANG_WARN_INT_CONVERSION = YES;
				CLANG_WARN_OBJC_ROOT_CLASS = YES_ERROR;
				CLANG_WARN_UNREACHABLE_CODE = YES;
				CLANG_WARN__DUPLICATE_METHOD_MATCH = YES;
				COPY_PHASE_STRIP = YES;
				DEBUG_INFORMATION_FORMAT = "dwarf-with-dsym";
				ENABLE_NS_ASSERTIONS = NO;
				ENABLE_STRICT_OBJC_MSGSEND = YES;
				GCC_C_LANGUAGE_STANDARD = gnu99;
				GCC_WARN_64_TO_32_BIT_CONVERSION = YES;
				GCC_WARN_ABOUT_RETURN_TYPE = YES_ERROR;
				GCC_WARN_UNDECLARED_SELECTOR = YES;
				GCC_WARN_UNINITIALIZED_AUTOS = YES_AGGRESSIVE;
				GCC_WARN_UNUSED_FUNCTION = YES;
				GCC_WARN_UNUSED_VARIABLE = YES;
				MACOSX_DEPLOYMENT_TARGET = 10.9;
				MTL_ENABLE_DEBUG_INFO = NO;
				SDKROOT = macosx;
			};
			name = Release;
		};
		EF0A74441A4AB18F00F986B4 /* Debug */ = {
			isa = XCBuildConfiguration;
			buildSettings = {
				PRODUCT_NAME = "$(TARGET_NAME)";
			};
			name = Debug;
		};
		EF0A74451A4AB18F00F986B4 /* Release */ = {
			isa = XCBuildConfiguration;
			buildSettings = {
				PRODUCT_NAME = "$(TARGET_NAME)";
			};
			name = Release;
		};
/* End XCBuildConfiguration section */

/* Begin XCConfigurationList section */
		EF0A74371A4AB18F00F986B4 /* Build configuration list for PBXProject "swt" */ = {
			isa = XCConfigurationList;
			buildConfigurations = (
				EF0A74411A4AB18F00F986B4 /* Debug */,
				EF0A74421A4AB18F00F986B4 /* Release */,
			);
			defaultConfigurationIsVisible = 0;
			defaultConfigurationName = Release;
		};
		EF0A74431A4AB18F00F986B4 /* Build configuration list for PBXNativeTarget "swt" */ = {
			isa = XCConfigurationList;
			buildConfigurations = (
				EF0A74441A4AB18F00F986B4 /* Debug */,
				EF0A74451A4AB18F00F986B4 /* Release */,
			);
			defaultConfigurationIsVisible = 0;
		};
/* End XCConfigurationList section */
	};
	rootObject = EF0A74341A4AB18F00F986B4 /* Project object */;
}
