// !$*UTF8*$!
{
	archiveVersion = 1;
	classes = {
	};
	objectVersion = 46;
	objects = {

/* Begin PBXBuildFile section */
		EFC22FA21A2AAC37002E9FF8 /* main.m in Sources */ = {isa = PBXBuildFile; fileRef = EFC22FA11A2AAC37002E9FF8 /* main.m */; };
/* End PBXBuildFile section */

/* Begin PBXCopyFilesBuildPhase section */
		EFAFC3A41A2AA95800596432 /* CopyFiles */ = {
			isa = PBXCopyFilesBuildPhase;
			buildActionMask = 2147483647;
			dstPath = /usr/share/man/man1/;
			dstSubfolderSpec = 0;
			files = (
			);
			runOnlyForDeploymentPostprocessing = 1;
		};
/* End PBXCopyFilesBuildPhase section */

/* Begin PBXFileReference section */
		EFAFC3A61A2AA95800596432 /* pasteimg */ = {isa = PBXFileReference; explicitFileType = "compiled.mach-o.executable"; includeInIndex = 0; path = pasteimg; sourceTree = BUILT_PRODUCTS_DIR; };
		EFC22FA11A2AAC37002E9FF8 /* main.m */ = {isa = PBXFileReference; fileEncoding = 4; lastKnownFileType = sourcecode.c.objc; path = main.m; sourceTree = "<group>"; };
/* End PBXFileReference section */

/* Begin PBXFrameworksBuildPhase section */
		EFAFC3A31A2AA95800596432 /* Frameworks */ = {
			isa = PBXFrameworksBuildPhase;
			buildActionMask = 2147483647;
			files = (
			);
			runOnlyForDeploymentPostprocessing = 0;
		};
/* End PBXFrameworksBuildPhase section */

/* Begin PBXGroup section */
		EFAFC39D1A2AA95800596432 = {
			isa = PBXGroup;
			children = (
				EFC22FA01A2AAC37002E9FF8 /* pasteimg */,
				EFAFC3A71A2AA95800596432 /* Products */,
			);
			sourceTree = "<group>";
		};
		EFAFC3A71A2AA95800596432 /* Products */ = {
			isa = PBXGroup;
			children = (
				EFAFC3A61A2AA95800596432 /* pasteimg */,
			);
			name = Products;
			sourceTree = "<group>";
		};
		EFC22FA01A2AAC37002E9FF8 /* pasteimg */ = {
			isa = PBXGroup;
			children = (
				EFC22FA11A2AAC37002E9FF8 /* main.m */,
			);
			path = pasteimg;
			sourceTree = "<group>";
		};
/* End PBXGroup section */

/* Begin PBXNativeTarget section */
		EFAFC3A51A2AA95800596432 /* pasteimg */ = {
			isa = PBXNativeTarget;
			buildConfigurationList = EFAFC3AD1A2AA95800596432 /* Build configuration list for PBXNativeTarget "pasteimg" */;
			buildPhases = (
				EFAFC3A21A2AA95800596432 /* Sources */,
				EFAFC3A31A2AA95800596432 /* Frameworks */,
				EFAFC3A41A2AA95800596432 /* CopyFiles */,
			);
			buildRules = (
			);
			dependencies = (
			);
			name = pasteimg;
			productName = hh;
			productReference = EFAFC3A61A2AA95800596432 /* pasteimg */;
			productType = "com.apple.product-type.tool";
		};
/* End PBXNativeTarget section */

/* Begin PBXProject section */
		EFAFC39E1A2AA95800596432 /* Project object */ = {
			isa = PBXProject;
			attributes = {
				LastUpgradeCheck = 0620;
				ORGANIZATIONNAME = vvw;
				TargetAttributes = {
					EFAFC3A51A2AA95800596432 = {
						CreatedOnToolsVersion = 6.2;
					};
				};
			};
			buildConfigurationList = EFAFC3A11A2AA95800596432 /* Build configuration list for PBXProject "pasteimg" */;
			compatibilityVersion = "Xcode 3.2";
			developmentRegion = English;
			hasScannedForEncodings = 0;
			knownRegions = (
				en,
			);
			mainGroup = EFAFC39D1A2AA95800596432;
			productRefGroup = EFAFC3A71A2AA95800596432 /* Products */;
			projectDirPath = "";
			projectRoot = "";
			targets = (
				EFAFC3A51A2AA95800596432 /* pasteimg */,
			);
		};
/* End PBXProject section */

/* Begin PBXSourcesBuildPhase section */
		EFAFC3A21A2AA95800596432 /* Sources */ = {
			isa = PBXSourcesBuildPhase;
			buildActionMask = 2147483647;
			files = (
				EFC22FA21A2AAC37002E9FF8 /* main.m in Sources */,
			);
			runOnlyForDeploymentPostprocessing = 0;
		};
/* End PBXSourcesBuildPhase section */

/* Begin XCBuildConfiguration section */
		EFAFC3AB1A2AA95800596432 /* Debug */ = {
			isa = XCBuildConfiguration;
			buildSettings = {
				ALWAYS_SEARCH_USER_PATHS = NO;
				CLANG_CXX_LANGUAGE_STANDARD = "gnu++0x";
				CLANG_CXX_LIBRARY = "libc++";
				CLANG_ENABLE_MODULES = YES;
				CLANG_ENABLE_OBJC_ARC = YES;
				CLANG_WARN_BOOL_CONVERSION = YES;
				CLANG_WARN_CONSTANT_CONVERSION = YES;
				CLANG_WARN_DIRECT_OBJC_ISA_USAGE = YES_ERROR;
				CLANG_WARN_EMPTY_BODY = YES;
				CLANG_WARN_ENUM_CONVERSION = YES;
				CLANG_WARN_INT_CONVERSION = YES;
				CLANG_WARN_OBJC_ROOT_CLASS = YES_ERROR;
				CLANG_WARN_UNREACHABLE_CODE = YES;
				CLANG_WARN__DUPLICATE_METHOD_MATCH = YES;
				COPY_PHASE_STRIP = NO;
				ENABLE_STRICT_OBJC_MSGSEND = YES;
				GCC_C_LANGUAGE_STANDARD = gnu99;
				GCC_DYNAMIC_NO_PIC = NO;
				GCC_OPTIMIZATION_LEVEL = 0;
				GCC_PREPROCESSOR_DEFINITIONS = (
					"DEBUG=1",
					"$(inherited)",
				);
				GCC_SYMBOLS_PRIVATE_EXTERN = NO;
				GCC_WARN_64_TO_32_BIT_CONVERSION = YES;
				GCC_WARN_ABOUT_RETURN_TYPE = YES_ERROR;
				GCC_WARN_UNDECLARED_SELECTOR = YES;
				GCC_WARN_UNINITIALIZED_AUTOS = YES_AGGRESSIVE;
				GCC_WARN_UNUSED_FUNCTION = YES;
				GCC_WARN_UNUSED_VARIABLE = YES;
				MACOSX_DEPLOYMENT_TARGET = 10.9;
				MTL_ENABLE_DEBUG_INFO = YES;
				ONLY_ACTIVE_ARCH = YES;
				SDKROOT = macosx;
			};
			name = Debug;
		};
		EFAFC3AC1A2AA95800596432 /* Release */ = {
			isa = XCBuildConfiguration;
			buildSettings = {
				ALWAYS_SEARCH_USER_PATHS = NO;
				CLANG_CXX_LANGUAGE_STANDARD = "gnu++0x";
				CLANG_CXX_LIBRARY = "libc++";
				CLANG_ENABLE_MODULES = YES;
				CLANG_ENABLE_OBJC_ARC = YES;
				CLANG_WARN_BOOL_CONVERSION = YES;
				CLANG_WARN_CONSTANT_CONVERSION = YES;
				CLANG_WARN_DIRECT_OBJC_ISA_USAGE = YES_ERROR;
				CLANG_WARN_EMPTY_BODY = YES;
				CLANG_WARN_ENUM_CONVERSION = YES;
				CLANG_WARN_INT_CONVERSION = YES;
				CLANG_WARN_OBJC_ROOT_CLASS = YES_ERROR;
				CLANG_WARN_UNREACHABLE_CODE = YES;
				CLANG_WARN__DUPLICATE_METHOD_MATCH = YES;
				COPY_PHASE_STRIP = YES;
				DEBUG_INFORMATION_FORMAT = "dwarf-with-dsym";
				ENABLE_NS_ASSERTIONS = NO;
				ENABLE_STRICT_OBJC_MSGSEND = YES;
				GCC_C_LANGUAGE_STANDARD = gnu99;
				GCC_WARN_64_TO_32_BIT_CONVERSION = YES;
				GCC_WARN_ABOUT_RETURN_TYPE = YES_ERROR;
				GCC_WARN_UNDECLARED_SELECTOR = YES;
				GCC_WARN_UNINITIALIZED_AUTOS = YES_AGGRESSIVE;
				GCC_WARN_UNUSED_FUNCTION = YES;
				GCC_WARN_UNUSED_VARIABLE = YES;
				MACOSX_DEPLOYMENT_TARGET = 10.9;
				MTL_ENABLE_DEBUG_INFO = NO;
				SDKROOT = macosx;
			};
			name = Release;
		};
		EFAFC3AE1A2AA95800596432 /* Debug */ = {
			isa = XCBuildConfiguration;
			buildSettings = {
				PRODUCT_NAME = pasteimg;
			};
			name = Debug;
		};
		EFAFC3AF1A2AA95800596432 /* Release */ = {
			isa = XCBuildConfiguration;
			buildSettings = {
				PRODUCT_NAME = pasteimg;
			};
			name = Release;
		};
/* End XCBuildConfiguration section */

/* Begin XCConfigurationList section */
		EFAFC3A11A2AA95800596432 /* Build configuration list for PBXProject "pasteimg" */ = {
			isa = XCConfigurationList;
			buildConfigurations = (
				EFAFC3AB1A2AA95800596432 /* Debug */,
				EFAFC3AC1A2AA95800596432 /* Release */,
			);
			defaultConfigurationIsVisible = 0;
			defaultConfigurationName = Release;
		};
		EFAFC3AD1A2AA95800596432 /* Build configuration list for PBXNativeTarget "pasteimg" */ = {
			isa = XCConfigurationList;
			buildConfigurations = (
				EFAFC3AE1A2AA95800596432 /* Debug */,
				EFAFC3AF1A2AA95800596432 /* Release */,
			);
			defaultConfigurationIsVisible = 0;
			defaultConfigurationName = Release;
		};
/* End XCConfigurationList section */
	};
	rootObject = EFAFC39E1A2AA95800596432 /* Project object */;
}
